
Microsoft Visual Studio Solution File, Format Version 12.00
# Visual Studio Version 17
VisualStudioVersion = 17.7.34031.279
MinimumVisualStudioVersion = 10.0.40219.1
Project("{FAE04EC0-301F-11D3-BF4B-00C04F79EFBC}") = "IntroToAIAssignment1", "IntroToAIAssignment1.csproj", "{06881823-93F7-4F37-8E5B-D0D2C082939E}"
EndProject
Global
	GlobalSection(SolutionConfigurationPlatforms) = preSolution
		Debug|Any CPU = Debug|Any CPU
		Release|Any CPU = Release|Any CPU
	EndGlobalSection
	GlobalSection(ProjectConfigurationPlatforms) = postSolution
		{06881823-93F7-4F37-8E5B-D0D2C082939E}.Debug|Any CPU.ActiveCfg = Debug|Any CPU
		{06881823-93F7-4F37-8E5B-D0D2C082939E}.Debug|Any CPU.Build.0 = Debug|Any CPU
		{06881823-93F7-4F37-8E5B-D0D2C082939E}.Release|Any CPU.ActiveCfg = Release|Any CPU
		{06881823-93F7-4F37-8E5B-D0D2C082939E}.Release|Any CPU.Build.0 = Release|Any CPU
	EndGlobalSection
	GlobalSection(SolutionProperties) = preSolution
		HideSolutionNode = FALSE
	EndGlobalSection
	GlobalSection(ExtensibilityGlobals) = postSolution
		SolutionGuid = {6C493552-B453-469F-944F-E1FF6E2BACB5}
	EndGlobalSection
EndGlobal
